
Microsoft Visual Studio Solution File, Format Version 12.00
# Visual Studio 15
VisualStudioVersion = 15.0.26124.0
MinimumVisualStudioVersion = 15.0.26124.0
Project("{FAE04EC0-301F-11D3-BF4B-00C04F79EFBC}") = "ProEventos.Application", "ProEventos.Application\ProEventos.Application.csproj", "{2D6F1115-4084-44C8-9B61-6F537ABEF6B7}"
EndProject
Project("{FAE04EC0-301F-11D3-BF4B-00C04F79EFBC}") = "ProEventos.Domain", "ProEventos.Domain\ProEventos.Domain.csproj", "{F55717C2-D863-4596-B208-DCA5A011CA84}"
EndProject
Project("{FAE04EC0-301F-11D3-BF4B-00C04F79EFBC}") = "ProEventos.API", "ProEventos.Api\ProEventos.API.csproj", "{9C423CF2-DF27-495A-A245-FE73053AD59E}"
EndProject
Project("{FAE04EC0-301F-11D3-BF4B-00C04F79EFBC}") = "ProEventos.Persistence", "ProEventos.Persistence\ProEventos.Persistence.csproj", "{DA9263B1-123E-485B-8E0D-C5E1607D5939}"
EndProject
Global
	GlobalSection(SolutionConfigurationPlatforms) = preSolution
		Debug|Any CPU = Debug|Any CPU
		Debug|x64 = Debug|x64
		Debug|x86 = Debug|x86
		Release|Any CPU = Release|Any CPU
		Release|x64 = Release|x64
		Release|x86 = Release|x86
	EndGlobalSection
	GlobalSection(SolutionProperties) = preSolution
		HideSolutionNode = FALSE
	EndGlobalSection
	GlobalSection(ProjectConfigurationPlatforms) = postSolution
		{2D6F1115-4084-44C8-9B61-6F537ABEF6B7}.Debug|Any CPU.ActiveCfg = Debug|Any CPU
		{2D6F1115-4084-44C8-9B61-6F537ABEF6B7}.Debug|Any CPU.Build.0 = Debug|Any CPU
		{2D6F1115-4084-44C8-9B61-6F537ABEF6B7}.Debug|x64.ActiveCfg = Debug|Any CPU
		{2D6F1115-4084-44C8-9B61-6F537ABEF6B7}.Debug|x64.Build.0 = Debug|Any CPU
		{2D6F1115-4084-44C8-9B61-6F537ABEF6B7}.Debug|x86.ActiveCfg = Debug|Any CPU
		{2D6F1115-4084-44C8-9B61-6F537ABEF6B7}.Debug|x86.Build.0 = Debug|Any CPU
		{2D6F1115-4084-44C8-9B61-6F537ABEF6B7}.Release|Any CPU.ActiveCfg = Release|Any CPU
		{2D6F1115-4084-44C8-9B61-6F537ABEF6B7}.Release|Any CPU.Build.0 = Release|Any CPU
		{2D6F1115-4084-44C8-9B61-6F537ABEF6B7}.Release|x64.ActiveCfg = Release|Any CPU
		{2D6F1115-4084-44C8-9B61-6F537ABEF6B7}.Release|x64.Build.0 = Release|Any CPU
		{2D6F1115-4084-44C8-9B61-6F537ABEF6B7}.Release|x86.ActiveCfg = Release|Any CPU
		{2D6F1115-4084-44C8-9B61-6F537ABEF6B7}.Release|x86.Build.0 = Release|Any CPU
		{F55717C2-D863-4596-B208-DCA5A011CA84}.Debug|Any CPU.ActiveCfg = Debug|Any CPU
		{F55717C2-D863-4596-B208-DCA5A011CA84}.Debug|Any CPU.Build.0 = Debug|Any CPU
		{F55717C2-D863-4596-B208-DCA5A011CA84}.Debug|x64.ActiveCfg = Debug|Any CPU
		{F55717C2-D863-4596-B208-DCA5A011CA84}.Debug|x64.Build.0 = Debug|Any CPU
		{F55717C2-D863-4596-B208-DCA5A011CA84}.Debug|x86.ActiveCfg = Debug|Any CPU
		{F55717C2-D863-4596-B208-DCA5A011CA84}.Debug|x86.Build.0 = Debug|Any CPU
		{F55717C2-D863-4596-B208-DCA5A011CA84}.Release|Any CPU.ActiveCfg = Release|Any CPU
		{F55717C2-D863-4596-B208-DCA5A011CA84}.Release|Any CPU.Build.0 = Release|Any CPU
		{F55717C2-D863-4596-B208-DCA5A011CA84}.Release|x64.ActiveCfg = Release|Any CPU
		{F55717C2-D863-4596-B208-DCA5A011CA84}.Release|x64.Build.0 = Release|Any CPU
		{F55717C2-D863-4596-B208-DCA5A011CA84}.Release|x86.ActiveCfg = Release|Any CPU
		{F55717C2-D863-4596-B208-DCA5A011CA84}.Release|x86.Build.0 = Release|Any CPU
		{9C423CF2-DF27-495A-A245-FE73053AD59E}.Debug|Any CPU.ActiveCfg = Debug|Any CPU
		{9C423CF2-DF27-495A-A245-FE73053AD59E}.Debug|Any CPU.Build.0 = Debug|Any CPU
		{9C423CF2-DF27-495A-A245-FE73053AD59E}.Debug|x64.ActiveCfg = Debug|Any CPU
		{9C423CF2-DF27-495A-A245-FE73053AD59E}.Debug|x64.Build.0 = Debug|Any CPU
		{9C423CF2-DF27-495A-A245-FE73053AD59E}.Debug|x86.ActiveCfg = Debug|Any CPU
		{9C423CF2-DF27-495A-A245-FE73053AD59E}.Debug|x86.Build.0 = Debug|Any CPU
		{9C423CF2-DF27-495A-A245-FE73053AD59E}.Release|Any CPU.ActiveCfg = Release|Any CPU
		{9C423CF2-DF27-495A-A245-FE73053AD59E}.Release|Any CPU.Build.0 = Release|Any CPU
		{9C423CF2-DF27-495A-A245-FE73053AD59E}.Release|x64.ActiveCfg = Release|Any CPU
		{9C423CF2-DF27-495A-A245-FE73053AD59E}.Release|x64.Build.0 = Release|Any CPU
		{9C423CF2-DF27-495A-A245-FE73053AD59E}.Release|x86.ActiveCfg = Release|Any CPU
		{9C423CF2-DF27-495A-A245-FE73053AD59E}.Release|x86.Build.0 = Release|Any CPU
		{DA9263B1-123E-485B-8E0D-C5E1607D5939}.Debug|Any CPU.ActiveCfg = Debug|Any CPU
		{DA9263B1-123E-485B-8E0D-C5E1607D5939}.Debug|Any CPU.Build.0 = Debug|Any CPU
		{DA9263B1-123E-485B-8E0D-C5E1607D5939}.Debug|x64.ActiveCfg = Debug|Any CPU
		{DA9263B1-123E-485B-8E0D-C5E1607D5939}.Debug|x64.Build.0 = Debug|Any CPU
		{DA9263B1-123E-485B-8E0D-C5E1607D5939}.Debug|x86.ActiveCfg = Debug|Any CPU
		{DA9263B1-123E-485B-8E0D-C5E1607D5939}.Debug|x86.Build.0 = Debug|Any CPU
		{DA9263B1-123E-485B-8E0D-C5E1607D5939}.Release|Any CPU.ActiveCfg = Release|Any CPU
		{DA9263B1-123E-485B-8E0D-C5E1607D5939}.Release|Any CPU.Build.0 = Release|Any CPU
		{DA9263B1-123E-485B-8E0D-C5E1607D5939}.Release|x64.ActiveCfg = Release|Any CPU
		{DA9263B1-123E-485B-8E0D-C5E1607D5939}.Release|x64.Build.0 = Release|Any CPU
		{DA9263B1-123E-485B-8E0D-C5E1607D5939}.Release|x86.ActiveCfg = Release|Any CPU
		{DA9263B1-123E-485B-8E0D-C5E1607D5939}.Release|x86.Build.0 = Release|Any CPU
	EndGlobalSection
EndGlobal
